
Microsoft Visual Studio Solution File, Format Version 11.00
# Visual Studio 2010
Project("{8BC9CEB8-8B4A-11D0-8D11-00A0C91BC942}") = "libpcom", "..\src\libpcom\libpcom.vcxproj", "{66E2A455-D15C-3931-B77A-FA4CDFE2FE90}"
EndProject
Project("{8BC9CEB8-8B4A-11D0-8D11-00A0C91BC942}") = "QTTest", "..\src\QTTest\QTTest.vcxproj", "{89EECC5A-03F4-3798-ABF0-5B8776475B43}"
	ProjectSection(ProjectDependencies) = postProject
		{66E2A455-D15C-3931-B77A-FA4CDFE2FE90} = {66E2A455-D15C-3931-B77A-FA4CDFE2FE90}
	EndProjectSection
EndProject
Project("{8BC9CEB8-8B4A-11D0-8D11-00A0C91BC942}") = "previewactivity", "..\src\activities\previewactivity\previewactivity.vcxproj", "{1415218C-3267-465D-9F01-D12038BDB8A1}"
EndProject
Project("{8BC9CEB8-8B4A-11D0-8D11-00A0C91BC942}") = "ViewWndPlugin", "..\src\plugins\ViewWndPlugin\ViewWndPlugin.vcxproj", "{96B79E57-8900-4809-BD02-B51B2B11EEA4}"
EndProject
Project("{8BC9CEB8-8B4A-11D0-8D11-00A0C91BC942}") = "commonlib", "..\src\plugins\commonlib\commonlib.vcxproj", "{4B75D5BE-42C9-4575-B118-75D9B975A61A}"
EndProject
Project("{8BC9CEB8-8B4A-11D0-8D11-00A0C91BC942}") = "UnitTest", "..\src\UnitTest\UnitTest.vcxproj", "{F1DAFB5E-3798-487E-9807-6B5EFA6C81D0}"
EndProject
Project("{8BC9CEB8-8B4A-11D0-8D11-00A0C91BC942}") = "Settingsactivity", "..\src\activities\Settingsactivity\Settingsactivity.vcxproj", "{08D82582-CD77-4ABF-A000-8D27A870CA8F}"
	ProjectSection(ProjectDependencies) = postProject
		{66E2A455-D15C-3931-B77A-FA4CDFE2FE90} = {66E2A455-D15C-3931-B77A-FA4CDFE2FE90}
	EndProjectSection
EndProject
Project("{8BC9CEB8-8B4A-11D0-8D11-00A0C91BC942}") = "PreviewWindows", "..\src\plugins\PreviewWindows\PreviewWindows.vcxproj", "{ED0F3C2D-77AC-4311-9177-52DA9652BCF0}"
EndProject
Project("{8BC9CEB8-8B4A-11D0-8D11-00A0C91BC942}") = "div1", "..\src\functionlibs\div1\div1.vcxproj", "{402B0B8D-B8C3-4B5B-923E-EE1D76A7DCAB}"
EndProject
Project("{8BC9CEB8-8B4A-11D0-8D11-00A0C91BC942}") = "div8_8", "..\src\functionlibs\div8_8\div8_8.vcxproj", "{102953D0-1018-4626-8DA3-CC2567C6F39C}"
EndProject
Project("{8BC9CEB8-8B4A-11D0-8D11-00A0C91BC942}") = "div3_3", "..\src\functionlibs\div3_3\div3_3.vcxproj", "{21509243-64F8-4B4F-99A1-FAAAF8BA71B9}"
EndProject
Project("{8BC9CEB8-8B4A-11D0-8D11-00A0C91BC942}") = "div6_1", "..\src\functionlibs\div6_1\div6_1.vcxproj", "{9713638E-0EE4-4887-B145-847CAB68D65F}"
EndProject
Project("{8BC9CEB8-8B4A-11D0-8D11-00A0C91BC942}") = "DvrSearch", "..\src\functionlibs\DvrSearch\DvrSearch.vcxproj", "{54B7A12C-E760-4E16-A9AB-EF1BBC463CF9}"
EndProject
Project("{8BC9CEB8-8B4A-11D0-8D11-00A0C91BC942}") = "div2_2", "..\src\functionlibs\div2_2\div2_2.vcxproj", "{6D3D64D7-36BD-4556-9E09-D59FFE85909C}"
EndProject
Project("{8BC9CEB8-8B4A-11D0-8D11-00A0C91BC942}") = "div4_4", "..\src\functionlibs\div4_4\div4_4.vcxproj", "{8FE4C4BE-96FA-4122-8048-4C4A052AAB7F}"
EndProject
Project("{8BC9CEB8-8B4A-11D0-8D11-00A0C91BC942}") = "div5_5", "..\src\functionlibs\div5_5\div5_5.vcxproj", "{5A6F1955-98D4-44EE-AAA8-608C56566098}"
EndProject
Project("{8BC9CEB8-8B4A-11D0-8D11-00A0C91BC942}") = "div7_7", "..\src\functionlibs\div7_7\div7_7.vcxproj", "{766A97EB-C086-4372-9832-3EB7AFCA7D11}"
EndProject
Project("{8BC9CEB8-8B4A-11D0-8D11-00A0C91BC942}") = "div8_1", "..\src\functionlibs\div8_1\div8_1.vcxproj", "{346BDCB3-439C-44B4-A423-A494CDF2597B}"
EndProject
Project("{8BC9CEB8-8B4A-11D0-8D11-00A0C91BC942}") = "HiChipSearch", "..\src\functionlibs\HiChipSearch\HiChipSearch.vcxproj", "{09A31E74-049C-43F2-B6BF-5184D2FCE7EE}"
EndProject
Project("{8BC9CEB8-8B4A-11D0-8D11-00A0C91BC942}") = "DeviceSearchPlugin", "..\src\plugins\DeviceSearchPlugin\DeviceSearchPlugin.vcxproj", "{43E2068B-3E3E-4197-B3AB-F45542F4B6C7}"
	ProjectSection(ProjectDependencies) = postProject
		{4B75D5BE-42C9-4575-B118-75D9B975A61A} = {4B75D5BE-42C9-4575-B118-75D9B975A61A}
	EndProjectSection
EndProject
Project("{8BC9CEB8-8B4A-11D0-8D11-00A0C91BC942}") = "RemotePreview", "..\src\functionlibs\RemotePreview\RemotePreview.vcxproj", "{60294905-828F-4A3E-BDDE-95B8464554EF}"
EndProject
Project("{8BC9CEB8-8B4A-11D0-8D11-00A0C91BC942}") = "h264Decoder", "..\src\functionlibs\h264Decoder\h264Decoder.vcxproj", "{15480BDC-067C-45A0-B94F-9D0E0EBA3190}"
EndProject
Project("{8BC9CEB8-8B4A-11D0-8D11-00A0C91BC942}") = "SDLRender", "..\src\functionlibs\SDLRender\SDLRender.vcxproj", "{5614AFAE-BCBD-4EF7-B3CD-56E7A565F4A8}"
EndProject
Project("{8BC9CEB8-8B4A-11D0-8D11-00A0C91BC942}") = "DeviceClient", "..\src\functionlibs\DeviceClient\DeviceClient.vcxproj", "{8AEBF93D-5608-4A2C-8055-C6A1709A3327}"
EndProject
Project("{8BC9CEB8-8B4A-11D0-8D11-00A0C91BC942}") = "DdrawRender", "..\src\functionlibs\DdrawRender\DdrawRender.vcxproj", "{1C41CBB5-F688-4E9F-B652-E27AA9704EAC}"
EndProject
Project("{8BC9CEB8-8B4A-11D0-8D11-00A0C91BC942}") = "DDrawRenderObject", "..\src\functionlibs\DDrawRenderObject\DDrawRenderObject.vcxproj", "{BCBE1171-E35D-4E3E-BD15-8387A9805270}"
EndProject
Global
	GlobalSection(TestCaseManagementSettings) = postSolution
		CategoryFile = HtmlUI.vsmdi
	EndGlobalSection
	GlobalSection(SolutionConfigurationPlatforms) = preSolution
		Debug|Win32 = Debug|Win32
		Release|Win32 = Release|Win32
	EndGlobalSection
	GlobalSection(ProjectConfigurationPlatforms) = postSolution
		{66E2A455-D15C-3931-B77A-FA4CDFE2FE90}.Debug|Win32.ActiveCfg = Debug|Win32
		{66E2A455-D15C-3931-B77A-FA4CDFE2FE90}.Debug|Win32.Build.0 = Debug|Win32
		{66E2A455-D15C-3931-B77A-FA4CDFE2FE90}.Release|Win32.ActiveCfg = Release|Win32
		{66E2A455-D15C-3931-B77A-FA4CDFE2FE90}.Release|Win32.Build.0 = Release|Win32
		{89EECC5A-03F4-3798-ABF0-5B8776475B43}.Debug|Win32.ActiveCfg = Debug|Win32
		{89EECC5A-03F4-3798-ABF0-5B8776475B43}.Debug|Win32.Build.0 = Debug|Win32
		{89EECC5A-03F4-3798-ABF0-5B8776475B43}.Release|Win32.ActiveCfg = Release|Win32
		{89EECC5A-03F4-3798-ABF0-5B8776475B43}.Release|Win32.Build.0 = Release|Win32
		{1415218C-3267-465D-9F01-D12038BDB8A1}.Debug|Win32.ActiveCfg = Debug|Win32
		{1415218C-3267-465D-9F01-D12038BDB8A1}.Debug|Win32.Build.0 = Debug|Win32
		{1415218C-3267-465D-9F01-D12038BDB8A1}.Release|Win32.ActiveCfg = Release|Win32
		{1415218C-3267-465D-9F01-D12038BDB8A1}.Release|Win32.Build.0 = Release|Win32
		{96B79E57-8900-4809-BD02-B51B2B11EEA4}.Debug|Win32.ActiveCfg = Debug|Win32
		{96B79E57-8900-4809-BD02-B51B2B11EEA4}.Debug|Win32.Build.0 = Debug|Win32
		{96B79E57-8900-4809-BD02-B51B2B11EEA4}.Release|Win32.ActiveCfg = Release|Win32
		{96B79E57-8900-4809-BD02-B51B2B11EEA4}.Release|Win32.Build.0 = Release|Win32
		{4B75D5BE-42C9-4575-B118-75D9B975A61A}.Debug|Win32.ActiveCfg = Debug|Win32
		{4B75D5BE-42C9-4575-B118-75D9B975A61A}.Debug|Win32.Build.0 = Debug|Win32
		{4B75D5BE-42C9-4575-B118-75D9B975A61A}.Release|Win32.ActiveCfg = Release|Win32
		{4B75D5BE-42C9-4575-B118-75D9B975A61A}.Release|Win32.Build.0 = Release|Win32
		{F1DAFB5E-3798-487E-9807-6B5EFA6C81D0}.Debug|Win32.ActiveCfg = Debug|Win32
		{F1DAFB5E-3798-487E-9807-6B5EFA6C81D0}.Debug|Win32.Build.0 = Debug|Win32
		{F1DAFB5E-3798-487E-9807-6B5EFA6C81D0}.Release|Win32.ActiveCfg = Release|Win32
		{F1DAFB5E-3798-487E-9807-6B5EFA6C81D0}.Release|Win32.Build.0 = Release|Win32
		{08D82582-CD77-4ABF-A000-8D27A870CA8F}.Debug|Win32.ActiveCfg = Debug|Win32
		{08D82582-CD77-4ABF-A000-8D27A870CA8F}.Debug|Win32.Build.0 = Debug|Win32
		{08D82582-CD77-4ABF-A000-8D27A870CA8F}.Release|Win32.ActiveCfg = Release|Win32
		{08D82582-CD77-4ABF-A000-8D27A870CA8F}.Release|Win32.Build.0 = Release|Win32
		{ED0F3C2D-77AC-4311-9177-52DA9652BCF0}.Debug|Win32.ActiveCfg = Debug|Win32
		{ED0F3C2D-77AC-4311-9177-52DA9652BCF0}.Debug|Win32.Build.0 = Debug|Win32
		{ED0F3C2D-77AC-4311-9177-52DA9652BCF0}.Release|Win32.ActiveCfg = Release|Win32
		{ED0F3C2D-77AC-4311-9177-52DA9652BCF0}.Release|Win32.Build.0 = Release|Win32
		{402B0B8D-B8C3-4B5B-923E-EE1D76A7DCAB}.Debug|Win32.ActiveCfg = Debug|Win32
		{402B0B8D-B8C3-4B5B-923E-EE1D76A7DCAB}.Debug|Win32.Build.0 = Debug|Win32
		{402B0B8D-B8C3-4B5B-923E-EE1D76A7DCAB}.Release|Win32.ActiveCfg = Release|Win32
		{402B0B8D-B8C3-4B5B-923E-EE1D76A7DCAB}.Release|Win32.Build.0 = Release|Win32
		{102953D0-1018-4626-8DA3-CC2567C6F39C}.Debug|Win32.ActiveCfg = Debug|Win32
		{102953D0-1018-4626-8DA3-CC2567C6F39C}.Debug|Win32.Build.0 = Debug|Win32
		{102953D0-1018-4626-8DA3-CC2567C6F39C}.Release|Win32.ActiveCfg = Release|Win32
		{102953D0-1018-4626-8DA3-CC2567C6F39C}.Release|Win32.Build.0 = Release|Win32
		{21509243-64F8-4B4F-99A1-FAAAF8BA71B9}.Debug|Win32.ActiveCfg = Debug|Win32
		{21509243-64F8-4B4F-99A1-FAAAF8BA71B9}.Debug|Win32.Build.0 = Debug|Win32
		{21509243-64F8-4B4F-99A1-FAAAF8BA71B9}.Release|Win32.ActiveCfg = Release|Win32
		{21509243-64F8-4B4F-99A1-FAAAF8BA71B9}.Release|Win32.Build.0 = Release|Win32
		{9713638E-0EE4-4887-B145-847CAB68D65F}.Debug|Win32.ActiveCfg = Debug|Win32
		{9713638E-0EE4-4887-B145-847CAB68D65F}.Debug|Win32.Build.0 = Debug|Win32
		{9713638E-0EE4-4887-B145-847CAB68D65F}.Release|Win32.ActiveCfg = Release|Win32
		{9713638E-0EE4-4887-B145-847CAB68D65F}.Release|Win32.Build.0 = Release|Win32
		{54B7A12C-E760-4E16-A9AB-EF1BBC463CF9}.Debug|Win32.ActiveCfg = Debug|Win32
		{54B7A12C-E760-4E16-A9AB-EF1BBC463CF9}.Debug|Win32.Build.0 = Debug|Win32
		{54B7A12C-E760-4E16-A9AB-EF1BBC463CF9}.Release|Win32.ActiveCfg = Release|Win32
		{54B7A12C-E760-4E16-A9AB-EF1BBC463CF9}.Release|Win32.Build.0 = Release|Win32
		{6D3D64D7-36BD-4556-9E09-D59FFE85909C}.Debug|Win32.ActiveCfg = Debug|Win32
		{6D3D64D7-36BD-4556-9E09-D59FFE85909C}.Debug|Win32.Build.0 = Debug|Win32
		{6D3D64D7-36BD-4556-9E09-D59FFE85909C}.Release|Win32.ActiveCfg = Release|Win32
		{6D3D64D7-36BD-4556-9E09-D59FFE85909C}.Release|Win32.Build.0 = Release|Win32
		{8FE4C4BE-96FA-4122-8048-4C4A052AAB7F}.Debug|Win32.ActiveCfg = Debug|Win32
		{8FE4C4BE-96FA-4122-8048-4C4A052AAB7F}.Debug|Win32.Build.0 = Debug|Win32
		{8FE4C4BE-96FA-4122-8048-4C4A052AAB7F}.Release|Win32.ActiveCfg = Release|Win32
		{8FE4C4BE-96FA-4122-8048-4C4A052AAB7F}.Release|Win32.Build.0 = Release|Win32
		{5A6F1955-98D4-44EE-AAA8-608C56566098}.Debug|Win32.ActiveCfg = Debug|Win32
		{5A6F1955-98D4-44EE-AAA8-608C56566098}.Debug|Win32.Build.0 = Debug|Win32
		{5A6F1955-98D4-44EE-AAA8-608C56566098}.Release|Win32.ActiveCfg = Release|Win32
		{5A6F1955-98D4-44EE-AAA8-608C56566098}.Release|Win32.Build.0 = Release|Win32
		{766A97EB-C086-4372-9832-3EB7AFCA7D11}.Debug|Win32.ActiveCfg = Debug|Win32
		{766A97EB-C086-4372-9832-3EB7AFCA7D11}.Debug|Win32.Build.0 = Debug|Win32
		{766A97EB-C086-4372-9832-3EB7AFCA7D11}.Release|Win32.ActiveCfg = Release|Win32
		{766A97EB-C086-4372-9832-3EB7AFCA7D11}.Release|Win32.Build.0 = Release|Win32
		{346BDCB3-439C-44B4-A423-A494CDF2597B}.Debug|Win32.ActiveCfg = Debug|Win32
		{346BDCB3-439C-44B4-A423-A494CDF2597B}.Debug|Win32.Build.0 = Debug|Win32
		{346BDCB3-439C-44B4-A423-A494CDF2597B}.Release|Win32.ActiveCfg = Release|Win32
		{346BDCB3-439C-44B4-A423-A494CDF2597B}.Release|Win32.Build.0 = Release|Win32
		{09A31E74-049C-43F2-B6BF-5184D2FCE7EE}.Debug|Win32.ActiveCfg = Debug|Win32
		{09A31E74-049C-43F2-B6BF-5184D2FCE7EE}.Debug|Win32.Build.0 = Debug|Win32
		{09A31E74-049C-43F2-B6BF-5184D2FCE7EE}.Release|Win32.ActiveCfg = Release|Win32
		{09A31E74-049C-43F2-B6BF-5184D2FCE7EE}.Release|Win32.Build.0 = Release|Win32
		{43E2068B-3E3E-4197-B3AB-F45542F4B6C7}.Debug|Win32.ActiveCfg = Debug|Win32
		{43E2068B-3E3E-4197-B3AB-F45542F4B6C7}.Debug|Win32.Build.0 = Debug|Win32
		{43E2068B-3E3E-4197-B3AB-F45542F4B6C7}.Release|Win32.ActiveCfg = Release|Win32
		{43E2068B-3E3E-4197-B3AB-F45542F4B6C7}.Release|Win32.Build.0 = Release|Win32
		{60294905-828F-4A3E-BDDE-95B8464554EF}.Debug|Win32.ActiveCfg = Debug|Win32
		{60294905-828F-4A3E-BDDE-95B8464554EF}.Debug|Win32.Build.0 = Debug|Win32
		{60294905-828F-4A3E-BDDE-95B8464554EF}.Release|Win32.ActiveCfg = Release|Win32
		{60294905-828F-4A3E-BDDE-95B8464554EF}.Release|Win32.Build.0 = Release|Win32
		{15480BDC-067C-45A0-B94F-9D0E0EBA3190}.Debug|Win32.ActiveCfg = Debug|Win32
		{15480BDC-067C-45A0-B94F-9D0E0EBA3190}.Debug|Win32.Build.0 = Debug|Win32
		{15480BDC-067C-45A0-B94F-9D0E0EBA3190}.Release|Win32.ActiveCfg = Release|Win32
		{15480BDC-067C-45A0-B94F-9D0E0EBA3190}.Release|Win32.Build.0 = Release|Win32
		{5614AFAE-BCBD-4EF7-B3CD-56E7A565F4A8}.Debug|Win32.ActiveCfg = Debug|Win32
		{5614AFAE-BCBD-4EF7-B3CD-56E7A565F4A8}.Debug|Win32.Build.0 = Debug|Win32
		{5614AFAE-BCBD-4EF7-B3CD-56E7A565F4A8}.Release|Win32.ActiveCfg = Release|Win32
		{5614AFAE-BCBD-4EF7-B3CD-56E7A565F4A8}.Release|Win32.Build.0 = Release|Win32
		{8AEBF93D-5608-4A2C-8055-C6A1709A3327}.Debug|Win32.ActiveCfg = Debug|Win32
		{8AEBF93D-5608-4A2C-8055-C6A1709A3327}.Debug|Win32.Build.0 = Debug|Win32
		{8AEBF93D-5608-4A2C-8055-C6A1709A3327}.Release|Win32.ActiveCfg = Release|Win32
		{8AEBF93D-5608-4A2C-8055-C6A1709A3327}.Release|Win32.Build.0 = Release|Win32
		{1C41CBB5-F688-4E9F-B652-E27AA9704EAC}.Debug|Win32.ActiveCfg = Debug|Win32
		{1C41CBB5-F688-4E9F-B652-E27AA9704EAC}.Debug|Win32.Build.0 = Debug|Win32
		{1C41CBB5-F688-4E9F-B652-E27AA9704EAC}.Release|Win32.ActiveCfg = Release|Win32
		{1C41CBB5-F688-4E9F-B652-E27AA9704EAC}.Release|Win32.Build.0 = Release|Win32
		{BCBE1171-E35D-4E3E-BD15-8387A9805270}.Debug|Win32.ActiveCfg = Debug|Win32
		{BCBE1171-E35D-4E3E-BD15-8387A9805270}.Debug|Win32.Build.0 = Debug|Win32
		{BCBE1171-E35D-4E3E-BD15-8387A9805270}.Release|Win32.ActiveCfg = Release|Win32
		{BCBE1171-E35D-4E3E-BD15-8387A9805270}.Release|Win32.Build.0 = Release|Win32
	EndGlobalSection
	GlobalSection(SolutionProperties) = preSolution
		HideSolutionNode = FALSE
	EndGlobalSection
EndGlobal
